
Microsoft Visual Studio Solution File, Format Version 12.00
# Visual Studio Version 17
VisualStudioVersion = 17.0.31825.309
MinimumVisualStudioVersion = 10.0.40219.1
Project("{FAE04EC0-301F-11D3-BF4B-00C04F79EFBC}") = "QRCodeReader", "QRCodeReader.csproj", "{B24A6E24-3CEC-4F9F-88D2-6E453AF88505}"
EndProject
Global
	GlobalSection(SolutionConfigurationPlatforms) = preSolution
		Debug|Any CPU = Debug|Any CPU
		Release|Any CPU = Release|Any CPU
	EndGlobalSection
	GlobalSection(ProjectConfigurationPlatforms) = postSolution
		{B24A6E24-3CEC-4F9F-88D2-6E453AF88505}.Debug|Any CPU.ActiveCfg = Debug|Any CPU
		{B24A6E24-3CEC-4F9F-88D2-6E453AF88505}.Debug|Any CPU.Build.0 = Debug|Any CPU
		{B24A6E24-3CEC-4F9F-88D2-6E453AF88505}.Release|Any CPU.ActiveCfg = Release|Any CPU
		{B24A6E24-3CEC-4F9F-88D2-6E453AF88505}.Release|Any CPU.Build.0 = Release|Any CPU
	EndGlobalSection
	GlobalSection(SolutionProperties) = preSolution
		HideSolutionNode = FALSE
	EndGlobalSection
	GlobalSection(ExtensibilityGlobals) = postSolution
		SolutionGuid = {C530DA5D-BBF6-4C9B-AF19-42F05465585D}
	EndGlobalSection
EndGlobal
